{
  "name": "search",
  "version": "1.0.0",
  "lockfileVersion": 3,
  "requires": true,
  "packages": {
    "": {
      "name": "search",
      "version": "1.0.0",
      "license": "ISC",
      "dependencies": {
        "@playwright/mcp": "^0.0.80",
        "playwright": "^1.63.0-alpha-2026-08-31",
        "playwright-core": "^1.63.0-alpha-2026-08-31"
      },
      "devDependencies": {}
    },
    "node_modules/@playwright/mcp": {
      "version": "0.0.80",
      "resolved": "https://registry.npmjs.org/@playwright/mcp/-/mcp-0.0.80.tgz",
      "integrity": "sha512-FOPXHm2SvFhAQylm10jMZ35B/SR2TaMLVkavAlwoG4N2qCb5RqbvhQYcu3zmXNyxR2DW0Ooxe+9XPVt5UjKRCQ==",
      "dependencies": {
        "playwright": "1.63.0-alpha-2026-08-31",
        "playwright-core": "1.63.0-alpha-2026-08-31"
      },
      "bin": {
        "playwright-mcp": "cli.js"
      },
      "engines": {
        "node": ">=18"
      }
    },
    "node_modules/playwright": {
      "version": "1.63.0-alpha-2026-08-31",
      "license": "Apache-2.0",
      "dependencies": {
        "playwright-core": "1.63.0-alpha-2026-08-31"
      },
      "bin": {
        "playwright": "cli.js"
      },
      "engines": {
        "node": ">=20"
      }
    },
    "node_modules/playwright-core": {
      "version": "1.63.0-alpha-2026-08-31",
      "license": "Apache-2.0",
      "bin": {
        "playwright-core": "cli.js"
      },
      "engines": {
        "node": ">=20"
      }
    }
  }
}
